
Microsoft Visual Studio Solution File, Format Version 12.00
# Visual Studio Version 16
VisualStudioVersion = 16.0.29409.12
MinimumVisualStudioVersion = 10.0.40219.1
Project("{FAE04EC0-301F-11D3-BF4B-00C04F79EFBC}") = "intra_models", "intra_models\intra_models.csproj", "{B4669964-45E8-4D9D-8831-26786105EA80}"
EndProject
Project("{FAE04EC0-301F-11D3-BF4B-00C04F79EFBC}") = "Gestionnaire_Clients", "Gestionnaire_Clients\Gestionnaire_Clients.csproj", "{39660CE1-7BE4-4653-BA38-941DDB1762E3}"
	ProjectSection(ProjectDependencies) = postProject
		{B4669964-45E8-4D9D-8831-26786105EA80} = {B4669964-45E8-4D9D-8831-26786105EA80}
	EndProjectSection
EndProject
Global
	GlobalSection(SolutionConfigurationPlatforms) = preSolution
		Debug|Any CPU = Debug|Any CPU
		Release|Any CPU = Release|Any CPU
	EndGlobalSection
	GlobalSection(ProjectConfigurationPlatforms) = postSolution
		{B4669964-45E8-4D9D-8831-26786105EA80}.Debug|Any CPU.ActiveCfg = Debug|Any CPU
		{B4669964-45E8-4D9D-8831-26786105EA80}.Debug|Any CPU.Build.0 = Debug|Any CPU
		{B4669964-45E8-4D9D-8831-26786105EA80}.Release|Any CPU.ActiveCfg = Release|Any CPU
		{B4669964-45E8-4D9D-8831-26786105EA80}.Release|Any CPU.Build.0 = Release|Any CPU
		{39660CE1-7BE4-4653-BA38-941DDB1762E3}.Debug|Any CPU.ActiveCfg = Debug|Any CPU
		{39660CE1-7BE4-4653-BA38-941DDB1762E3}.Debug|Any CPU.Build.0 = Debug|Any CPU
		{39660CE1-7BE4-4653-BA38-941DDB1762E3}.Release|Any CPU.ActiveCfg = Release|Any CPU
		{39660CE1-7BE4-4653-BA38-941DDB1762E3}.Release|Any CPU.Build.0 = Release|Any CPU
	EndGlobalSection
	GlobalSection(SolutionProperties) = preSolution
		HideSolutionNode = FALSE
	EndGlobalSection
	GlobalSection(ExtensibilityGlobals) = postSolution
		SolutionGuid = {08BE2468-FA16-4DCA-A640-45AFF254C763}
	EndGlobalSection
EndGlobal
